
Microsoft Visual Studio Solution File, Format Version 12.00
# Visual Studio 15
VisualStudioVersion = 15.0.27428.2043
MinimumVisualStudioVersion = 10.0.40219.1
Project("{FAE04EC0-301F-11D3-BF4B-00C04F79EFBC}") = "PluginTextUnderline", "PluginTextUnderline\PluginTextUnderline.csproj", "{EE79DC3F-B0A5-4AF8-86CA-C6B02A276A2F}"
EndProject
Global
	GlobalSection(SolutionConfigurationPlatforms) = preSolution
		Debug|Any CPU = Debug|Any CPU
		Release|Any CPU = Release|Any CPU
	EndGlobalSection
	GlobalSection(ProjectConfigurationPlatforms) = postSolution
		{EE79DC3F-B0A5-4AF8-86CA-C6B02A276A2F}.Debug|Any CPU.ActiveCfg = Debug|Any CPU
		{EE79DC3F-B0A5-4AF8-86CA-C6B02A276A2F}.Debug|Any CPU.Build.0 = Debug|Any CPU
		{EE79DC3F-B0A5-4AF8-86CA-C6B02A276A2F}.Release|Any CPU.ActiveCfg = Release|Any CPU
		{EE79DC3F-B0A5-4AF8-86CA-C6B02A276A2F}.Release|Any CPU.Build.0 = Release|Any CPU
	EndGlobalSection
	GlobalSection(SolutionProperties) = preSolution
		HideSolutionNode = FALSE
	EndGlobalSection
	GlobalSection(ExtensibilityGlobals) = postSolution
		SolutionGuid = {6C6BF661-3A17-4785-B37E-735E10D73B8B}
	EndGlobalSection
EndGlobal
