
Microsoft Visual Studio Solution File, Format Version 12.00
# Visual Studio 15
VisualStudioVersion = 15.0.27428.2043
MinimumVisualStudioVersion = 10.0.40219.1
Project("{FAE04EC0-301F-11D3-BF4B-00C04F79EFBC}") = "BooksApplication", "BooksApplication\BooksApplication.csproj", "{BC3B4F4B-3E4E-49C0-B5D2-A3C2946BFB3A}"
EndProject
Global
	GlobalSection(SolutionConfigurationPlatforms) = preSolution
		Debug|Any CPU = Debug|Any CPU
		Release|Any CPU = Release|Any CPU
	EndGlobalSection
	GlobalSection(ProjectConfigurationPlatforms) = postSolution
		{BC3B4F4B-3E4E-49C0-B5D2-A3C2946BFB3A}.Debug|Any CPU.ActiveCfg = Debug|Any CPU
		{BC3B4F4B-3E4E-49C0-B5D2-A3C2946BFB3A}.Debug|Any CPU.Build.0 = Debug|Any CPU
		{BC3B4F4B-3E4E-49C0-B5D2-A3C2946BFB3A}.Release|Any CPU.ActiveCfg = Release|Any CPU
		{BC3B4F4B-3E4E-49C0-B5D2-A3C2946BFB3A}.Release|Any CPU.Build.0 = Release|Any CPU
	EndGlobalSection
	GlobalSection(SolutionProperties) = preSolution
		HideSolutionNode = FALSE
	EndGlobalSection
	GlobalSection(ExtensibilityGlobals) = postSolution
		SolutionGuid = {B4AEEEB1-3E48-4BBF-BF74-BBFE5A391378}
	EndGlobalSection
EndGlobal
