
Microsoft Visual Studio Solution File, Format Version 12.00
# Visual Studio 15
VisualStudioVersion = 15.0.27428.2043
MinimumVisualStudioVersion = 10.0.40219.1
Project("{FAE04EC0-301F-11D3-BF4B-00C04F79EFBC}") = "PluginTextItalic", "PluginTextItalic\PluginTextItalic.csproj", "{FCD271B9-69B4-46D5-9DDF-204827460575}"
EndProject
Global
	GlobalSection(SolutionConfigurationPlatforms) = preSolution
		Debug|Any CPU = Debug|Any CPU
		Release|Any CPU = Release|Any CPU
	EndGlobalSection
	GlobalSection(ProjectConfigurationPlatforms) = postSolution
		{FCD271B9-69B4-46D5-9DDF-204827460575}.Debug|Any CPU.ActiveCfg = Debug|Any CPU
		{FCD271B9-69B4-46D5-9DDF-204827460575}.Debug|Any CPU.Build.0 = Debug|Any CPU
		{FCD271B9-69B4-46D5-9DDF-204827460575}.Release|Any CPU.ActiveCfg = Release|Any CPU
		{FCD271B9-69B4-46D5-9DDF-204827460575}.Release|Any CPU.Build.0 = Release|Any CPU
	EndGlobalSection
	GlobalSection(SolutionProperties) = preSolution
		HideSolutionNode = FALSE
	EndGlobalSection
	GlobalSection(ExtensibilityGlobals) = postSolution
		SolutionGuid = {C97234A4-6F98-4AF3-880F-D21640650BA1}
	EndGlobalSection
EndGlobal
